
Microsoft Visual Studio Solution File, Format Version 12.00
# Visual Studio Version 17
VisualStudioVersion = 17.0.32112.339
MinimumVisualStudioVersion = 10.0.40219.1
Project("{FAE04EC0-301F-11D3-BF4B-00C04F79EFBC}") = "OnlineExamAPI", "OnlineExamAPI\OnlineExamAPI.csproj", "{C1AF9E3F-02EE-42CF-A17F-DE1130F583DB}"
EndProject
Global
	GlobalSection(SolutionConfigurationPlatforms) = preSolution
		Debug|Any CPU = Debug|Any CPU
		Release|Any CPU = Release|Any CPU
	EndGlobalSection
	GlobalSection(ProjectConfigurationPlatforms) = postSolution
		{C1AF9E3F-02EE-42CF-A17F-DE1130F583DB}.Debug|Any CPU.ActiveCfg = Debug|Any CPU
		{C1AF9E3F-02EE-42CF-A17F-DE1130F583DB}.Debug|Any CPU.Build.0 = Debug|Any CPU
		{C1AF9E3F-02EE-42CF-A17F-DE1130F583DB}.Release|Any CPU.ActiveCfg = Release|Any CPU
		{C1AF9E3F-02EE-42CF-A17F-DE1130F583DB}.Release|Any CPU.Build.0 = Release|Any CPU
	EndGlobalSection
	GlobalSection(SolutionProperties) = preSolution
		HideSolutionNode = FALSE
	EndGlobalSection
	GlobalSection(ExtensibilityGlobals) = postSolution
		SolutionGuid = {21225499-D2F1-4FFA-AEB4-E1CF5392B599}
	EndGlobalSection
EndGlobal
